
Microsoft Visual Studio Solution File, Format Version 12.00
# Visual Studio Version 17
VisualStudioVersion = 17.10.35027.167
MinimumVisualStudioVersion = 10.0.40219.1
Project("{FAE04EC0-301F-11D3-BF4B-00C04F79EFBC}") = "Me.Shishioko.SJNetChat", "Me.Shishioko.SJNetChat.csproj", "{BD595356-E072-44BF-A244-9CC64270D114}"
EndProject
Global
	GlobalSection(SolutionConfigurationPlatforms) = preSolution
		Debug|Any CPU = Debug|Any CPU
		Release|Any CPU = Release|Any CPU
	EndGlobalSection
	GlobalSection(ProjectConfigurationPlatforms) = postSolution
		{BD595356-E072-44BF-A244-9CC64270D114}.Debug|Any CPU.ActiveCfg = Debug|Any CPU
		{BD595356-E072-44BF-A244-9CC64270D114}.Debug|Any CPU.Build.0 = Debug|Any CPU
		{BD595356-E072-44BF-A244-9CC64270D114}.Release|Any CPU.ActiveCfg = Release|Any CPU
		{BD595356-E072-44BF-A244-9CC64270D114}.Release|Any CPU.Build.0 = Release|Any CPU
	EndGlobalSection
	GlobalSection(SolutionProperties) = preSolution
		HideSolutionNode = FALSE
	EndGlobalSection
	GlobalSection(ExtensibilityGlobals) = postSolution
		SolutionGuid = {D84B31F4-138F-4713-A0E8-2812B60D31B2}
	EndGlobalSection
EndGlobal
